
Terraform used the selected providers to generate the following execution
plan. Resource actions are indicated with the following symbols:
  + create

Terraform will perform the following actions:

  # aws_db_instance.mysql will be created
  + resource "aws_db_instance" "mysql" {
      + address                               = (known after apply)
      + allocated_storage                     = 20
      + apply_immediately                     = false
      + arn                                   = (known after apply)
      + auto_minor_version_upgrade            = true
      + availability_zone                     = (known after apply)
      + backup_retention_period               = (known after apply)
      + backup_target                         = (known after apply)
      + backup_window                         = (known after apply)
      + ca_cert_identifier                    = (known after apply)
      + character_set_name                    = (known after apply)
      + copy_tags_to_snapshot                 = false
      + database_insights_mode                = (known after apply)
      + db_name                               = (known after apply)
      + db_subnet_group_name                  = "default-db-subnet-group"
      + dedicated_log_volume                  = false
      + delete_automated_backups              = true
      + domain_fqdn                           = (known after apply)
      + endpoint                              = (known after apply)
      + engine                                = "mysql"
      + engine_lifecycle_support              = (known after apply)
      + engine_version                        = "8.0"
      + engine_version_actual                 = (known after apply)
      + hosted_zone_id                        = (known after apply)
      + id                                    = (known after apply)
      + identifier                            = "my-mysql-db"
      + identifier_prefix                     = (known after apply)
      + instance_class                        = "db.t3.micro"
      + iops                                  = (known after apply)
      + kms_key_id                            = (known after apply)
      + latest_restorable_time                = (known after apply)
      + license_model                         = (known after apply)
      + listener_endpoint                     = (known after apply)
      + maintenance_window                    = (known after apply)
      + master_user_secret                    = (known after apply)
      + master_user_secret_kms_key_id         = (known after apply)
      + monitoring_interval                   = 0
      + monitoring_role_arn                   = (known after apply)
      + multi_az                              = (known after apply)
      + nchar_character_set_name              = (known after apply)
      + network_type                          = (known after apply)
      + option_group_name                     = (known after apply)
      + parameter_group_name                  = (known after apply)
      + password                              = (sensitive value)
      + password_wo                           = (write-only attribute)
      + performance_insights_enabled          = false
      + performance_insights_kms_key_id       = (known after apply)
      + performance_insights_retention_period = (known after apply)
      + port                                  = (known after apply)
      + publicly_accessible                   = true
      + replica_mode                          = (known after apply)
      + replicas                              = (known after apply)
      + resource_id                           = (known after apply)
      + skip_final_snapshot                   = true
      + snapshot_identifier                   = (known after apply)
      + status                                = (known after apply)
      + storage_throughput                    = (known after apply)
      + storage_type                          = (known after apply)
      + tags_all                              = (known after apply)
      + timezone                              = (known after apply)
      + username                              = "admin"
      + vpc_security_group_ids                = (known after apply)
    }

  # aws_db_instance.postgresql will be created
  + resource "aws_db_instance" "postgresql" {
      + address                               = (known after apply)
      + allocated_storage                     = 20
      + apply_immediately                     = false
      + arn                                   = (known after apply)
      + auto_minor_version_upgrade            = true
      + availability_zone                     = (known after apply)
      + backup_retention_period               = (known after apply)
      + backup_target                         = (known after apply)
      + backup_window                         = (known after apply)
      + ca_cert_identifier                    = (known after apply)
      + character_set_name                    = (known after apply)
      + copy_tags_to_snapshot                 = false
      + database_insights_mode                = (known after apply)
      + db_name                               = (known after apply)
      + db_subnet_group_name                  = "default-db-subnet-group"
      + dedicated_log_volume                  = false
      + delete_automated_backups              = true
      + domain_fqdn                           = (known after apply)
      + endpoint                              = (known after apply)
      + engine                                = "postgres"
      + engine_lifecycle_support              = (known after apply)
      + engine_version                        = "15"
      + engine_version_actual                 = (known after apply)
      + hosted_zone_id                        = (known after apply)
      + id                                    = (known after apply)
      + identifier                            = "my-postgres-db"
      + identifier_prefix                     = (known after apply)
      + instance_class                        = "db.t3.micro"
      + iops                                  = (known after apply)
      + kms_key_id                            = (known after apply)
      + latest_restorable_time                = (known after apply)
      + license_model                         = (known after apply)
      + listener_endpoint                     = (known after apply)
      + maintenance_window                    = (known after apply)
      + master_user_secret                    = (known after apply)
      + master_user_secret_kms_key_id         = (known after apply)
      + monitoring_interval                   = 0
      + monitoring_role_arn                   = (known after apply)
      + multi_az                              = (known after apply)
      + nchar_character_set_name              = (known after apply)
      + network_type                          = (known after apply)
      + option_group_name                     = (known after apply)
      + parameter_group_name                  = (known after apply)
      + password                              = (sensitive value)
      + password_wo                           = (write-only attribute)
      + performance_insights_enabled          = false
      + performance_insights_kms_key_id       = (known after apply)
      + performance_insights_retention_period = (known after apply)
      + port                                  = (known after apply)
      + publicly_accessible                   = true
      + replica_mode                          = (known after apply)
      + replicas                              = (known after apply)
      + resource_id                           = (known after apply)
      + skip_final_snapshot                   = true
      + snapshot_identifier                   = (known after apply)
      + status                                = (known after apply)
      + storage_throughput                    = (known after apply)
      + storage_type                          = (known after apply)
      + tags_all                              = (known after apply)
      + timezone                              = (known after apply)
      + username                              = "admin"
      + vpc_security_group_ids                = (known after apply)
    }

  # aws_db_subnet_group.default will be created
  + resource "aws_db_subnet_group" "default" {
      + arn                     = (known after apply)
      + description             = "DB subnet group using default subnets"
      + id                      = (known after apply)
      + name                    = "default-db-subnet-group"
      + name_prefix             = (known after apply)
      + subnet_ids              = [
          + "subnet-00a4b1da477e2f186",
          + "subnet-039c4753d9a0406d3",
          + "subnet-05231d8353d89d3d0",
          + "subnet-061c0e429430e3ebd",
          + "subnet-0a998fdf8ee48a234",
          + "subnet-0b79e404b3791ca82",
        ]
      + supported_network_types = (known after apply)
      + tags_all                = (known after apply)
      + vpc_id                  = (known after apply)
    }

  # aws_secretsmanager_secret.mysql will be created
  + resource "aws_secretsmanager_secret" "mysql" {
      + arn                            = (known after apply)
      + description                    = "Master password for MySQL RDS instance"
      + force_overwrite_replica_secret = false
      + id                             = (known after apply)
      + name                           = "mysql-master-password"
      + name_prefix                    = (known after apply)
      + policy                         = (known after apply)
      + recovery_window_in_days        = 30
      + tags_all                       = (known after apply)

      + replica (known after apply)
    }

  # aws_secretsmanager_secret.postgres will be created
  + resource "aws_secretsmanager_secret" "postgres" {
      + arn                            = (known after apply)
      + description                    = "Master password for Postgres RDS instance"
      + force_overwrite_replica_secret = false
      + id                             = (known after apply)
      + name                           = "postgres-master-password"
      + name_prefix                    = (known after apply)
      + policy                         = (known after apply)
      + recovery_window_in_days        = 30
      + tags_all                       = (known after apply)

      + replica (known after apply)
    }

  # aws_secretsmanager_secret_version.mysql_version will be created
  + resource "aws_secretsmanager_secret_version" "mysql_version" {
      + arn                  = (known after apply)
      + has_secret_string_wo = (known after apply)
      + id                   = (known after apply)
      + secret_id            = (known after apply)
      + secret_string        = (sensitive value)
      + secret_string_wo     = (write-only attribute)
      + version_id           = (known after apply)
      + version_stages       = (known after apply)
    }

  # aws_secretsmanager_secret_version.postgres_version will be created
  + resource "aws_secretsmanager_secret_version" "postgres_version" {
      + arn                  = (known after apply)
      + has_secret_string_wo = (known after apply)
      + id                   = (known after apply)
      + secret_id            = (known after apply)
      + secret_string        = (sensitive value)
      + secret_string_wo     = (write-only attribute)
      + version_id           = (known after apply)
      + version_stages       = (known after apply)
    }

  # aws_security_group.rds_sg will be created
  + resource "aws_security_group" "rds_sg" {
      + arn                    = (known after apply)
      + description            = "Allow inbound to MySQL/Postgres from 0.0.0.0/0 (change for production)"
      + egress                 = [
          + {
              + cidr_blocks      = [
                  + "0.0.0.0/0",
                ]
              + from_port        = 0
              + ipv6_cidr_blocks = []
              + prefix_list_ids  = []
              + protocol         = "-1"
              + security_groups  = []
              + self             = false
              + to_port          = 0
                # (1 unchanged attribute hidden)
            },
        ]
      + id                     = (known after apply)
      + ingress                = [
          + {
              + cidr_blocks      = [
                  + "0.0.0.0/0",
                ]
              + from_port        = 3306
              + ipv6_cidr_blocks = []
              + prefix_list_ids  = []
              + protocol         = "tcp"
              + security_groups  = []
              + self             = false
              + to_port          = 3306
                # (1 unchanged attribute hidden)
            },
          + {
              + cidr_blocks      = [
                  + "0.0.0.0/0",
                ]
              + from_port        = 5432
              + ipv6_cidr_blocks = []
              + prefix_list_ids  = []
              + protocol         = "tcp"
              + security_groups  = []
              + self             = false
              + to_port          = 5432
                # (1 unchanged attribute hidden)
            },
        ]
      + name                   = "rds-access-sg"
      + name_prefix            = (known after apply)
      + owner_id               = (known after apply)
      + revoke_rules_on_delete = false
      + tags_all               = (known after apply)
      + vpc_id                 = "vpc-0ddf123a59de14a71"
    }

  # random_password.mysql_password will be created
  + resource "random_password" "mysql_password" {
      + bcrypt_hash      = (sensitive value)
      + id               = (known after apply)
      + length           = 16
      + lower            = true
      + min_lower        = 0
      + min_numeric      = 0
      + min_special      = 0
      + min_upper        = 0
      + number           = true
      + numeric          = true
      + override_special = "_%@"
      + result           = (sensitive value)
      + special          = true
      + upper            = true
    }

  # random_password.postgres_password will be created
  + resource "random_password" "postgres_password" {
      + bcrypt_hash      = (sensitive value)
      + id               = (known after apply)
      + length           = 16
      + lower            = true
      + min_lower        = 0
      + min_numeric      = 0
      + min_special      = 0
      + min_upper        = 0
      + number           = true
      + numeric          = true
      + override_special = "_%@"
      + result           = (sensitive value)
      + special          = true
      + upper            = true
    }

Plan: 10 to add, 0 to change, 0 to destroy.

Changes to Outputs:
  + mysql_endpoint      = (known after apply)
  + mysql_port          = (known after apply)
  + mysql_secret_arn    = (known after apply)
  + postgres_endpoint   = (known after apply)
  + postgres_port       = (known after apply)
  + postgres_secret_arn = (known after apply)
